
Microsoft Visual Studio Solution File, Format Version 12.00
# Visual Studio Version 16
VisualStudioVersion = 16.0.30711.63
MinimumVisualStudioVersion = 10.0.40219.1
Project("{9A19103F-16F7-4668-BE54-9A1E7A4F7556}") = "MVCAppWithBlazor", "MVCAppWithBlazor\MVCAppWithBlazor.csproj", "{94C2EF5A-9161-4390-91A1-7C6962AD42E8}"
EndProject
Project("{9A19103F-16F7-4668-BE54-9A1E7A4F7556}") = "BlazorComponents.Shared", "..\BlazorComponents.Shared\BlazorComponents.Shared.csproj", "{6BBD5B9E-F7FC-41C9-A7EE-244EBC562A5A}"
EndProject
Global
	GlobalSection(SolutionConfigurationPlatforms) = preSolution
		Debug|Any CPU = Debug|Any CPU
		Release|Any CPU = Release|Any CPU
	EndGlobalSection
	GlobalSection(ProjectConfigurationPlatforms) = postSolution
		{94C2EF5A-9161-4390-91A1-7C6962AD42E8}.Debug|Any CPU.ActiveCfg = Debug|Any CPU
		{94C2EF5A-9161-4390-91A1-7C6962AD42E8}.Debug|Any CPU.Build.0 = Debug|Any CPU
		{94C2EF5A-9161-4390-91A1-7C6962AD42E8}.Release|Any CPU.ActiveCfg = Release|Any CPU
		{94C2EF5A-9161-4390-91A1-7C6962AD42E8}.Release|Any CPU.Build.0 = Release|Any CPU
		{6BBD5B9E-F7FC-41C9-A7EE-244EBC562A5A}.Debug|Any CPU.ActiveCfg = Debug|Any CPU
		{6BBD5B9E-F7FC-41C9-A7EE-244EBC562A5A}.Debug|Any CPU.Build.0 = Debug|Any CPU
		{6BBD5B9E-F7FC-41C9-A7EE-244EBC562A5A}.Release|Any CPU.ActiveCfg = Release|Any CPU
		{6BBD5B9E-F7FC-41C9-A7EE-244EBC562A5A}.Release|Any CPU.Build.0 = Release|Any CPU
	EndGlobalSection
	GlobalSection(SolutionProperties) = preSolution
		HideSolutionNode = FALSE
	EndGlobalSection
	GlobalSection(ExtensibilityGlobals) = postSolution
		SolutionGuid = {F280ADCA-7FBC-4C30-BE61-7A221D05D1DA}
	EndGlobalSection
EndGlobal
